<?xml version="1.0" encoding="utf-8"?>
<Project ToolsVersion="4.0" xmlns="http://schemas.microsoft.com/developer/msbuild/2003">
  <ItemGroup>
    <Filter Include="Source Files">
      <UniqueIdentifier>{4FC737F1-C7A5-4376-A066-2A32D752A2FF}</UniqueIdentifier>
      <Extensions>cpp;c;cc;cxx;def;odl;idl;hpj;bat;asm;asmx</Extensions>
    </Filter>
    <Filter Include="Header Files">
      <UniqueIdentifier>{93995380-89BD-4b04-88EB-625FBE52EBFB}</UniqueIdentifier>
      <Extensions>h;hh;hpp;hxx;hm;inl;inc;xsd</Extensions>
    </Filter>
    <Filter Include="Resource Files">
      <UniqueIdentifier>{67DA6AB6-F800-4c08-8B7A-83BB121AAD01}</UniqueIdentifier>
      <Extensions>rc;ico;cur;bmp;dlg;rc2;rct;bin;rgs;gif;jpg;jpeg;jpe;resx;tiff;tif;png;wav;mfcribbon-ms</Extensions>
    </Filter>
  </ItemGroup>
  <ItemGroup>
    <ClInclude Include="..\..\source\psnr.hh">
      <Filter>Header Files</Filter>
    </ClInclude>
    <ClInclude Include="..\..\source\residualjp2.hh">
      <Filter>Header Files</Filter>
    </ClInclude>
    <ClInclude Include="..\..\source\sparsefilter.hh">
      <Filter>Header Files</Filter>
    </ClInclude>
    <ClInclude Include="..\..\source\warping.hh">
      <Filter>Header Files</Filter>
    </ClInclude>
    <ClInclude Include="..\..\source\view.hh">
      <Filter>Header Files</Filter>
    </ClInclude>
    <ClInclude Include="..\..\source\ycbcr.hh">
      <Filter>Header Files</Filter>
    </ClInclude>
    <ClInclude Include="..\..\source\bitdepth.hh">
      <Filter>Header Files</Filter>
    </ClInclude>
    <ClInclude Include="..\..\source\clip.hh">
      <Filter>Header Files</Filter>
    </ClInclude>
    <ClInclude Include="..\..\source\fastols.hh">
      <Filter>Header Files</Filter>
    </ClInclude>
    <ClInclude Include="..\..\source\fileaux.hh">
      <Filter>Header Files</Filter>
    </ClInclude>
    <ClInclude Include="..\..\source\inpainting.hh">
      <Filter>Header Files</Filter>
    </ClInclude>
    <ClInclude Include="..\..\source\json.hh">
      <Filter>Header Files</Filter>
    </ClInclude>
    <ClInclude Include="..\..\source\medianfilter.hh">
      <Filter>Header Files</Filter>
    </ClInclude>
    <ClInclude Include="..\..\source\merging.hh">
      <Filter>Header Files</Filter>
    </ClInclude>
    <ClInclude Include="..\..\source\minconf.hh">
      <Filter>Header Files</Filter>
    </ClInclude>
    <ClInclude Include="..\..\source\ppm.hh">
      <Filter>Header Files</Filter>
    </ClInclude>
    <ClInclude Include="..\..\source\predictdepth.hh">
      <Filter>Header Files</Filter>
    </ClInclude>
    <ClInclude Include="..\..\source\WaSPConf.hh">
      <Filter>Header Files</Filter>
    </ClInclude>
    <ClInclude Include="..\..\source\codestream.hh">
      <Filter>Header Files</Filter>
    </ClInclude>
    <ClInclude Include="..\..\source\encoder.hh">
      <Filter>Header Files</Filter>
    </ClInclude>
  </ItemGroup>
  <ItemGroup>
    <ClCompile Include="..\..\source\fileaux.cpp">
      <Filter>Source Files</Filter>
    </ClCompile>
    <ClCompile Include="..\..\source\merging.cpp">
      <Filter>Source Files</Filter>
    </ClCompile>
    <ClCompile Include="..\..\source\minconf.cpp">
      <Filter>Source Files</Filter>
    </ClCompile>
    <ClCompile Include="..\..\source\ppm.cpp">
      <Filter>Source Files</Filter>
    </ClCompile>
    <ClCompile Include="..\..\source\predictdepth.cpp">
      <Filter>Source Files</Filter>
    </ClCompile>
    <ClCompile Include="..\..\source\psnr.cpp">
      <Filter>Source Files</Filter>
    </ClCompile>
    <ClCompile Include="..\..\source\residualjp2.cpp">
      <Filter>Source Files</Filter>
    </ClCompile>
    <ClCompile Include="..\..\source\sparsefilter.cpp">
      <Filter>Source Files</Filter>
    </ClCompile>
    <ClCompile Include="..\..\source\warping.cpp">
      <Filter>Source Files</Filter>
    </ClCompile>
    <ClCompile Include="..\..\source\view.cpp">
      <Filter>Source Files</Filter>
    </ClCompile>
    <ClCompile Include="..\..\source\ycbcr.cpp">
      <Filter>Source Files</Filter>
    </ClCompile>
    <ClCompile Include="..\..\source\codestream.cpp">
      <Filter>Source Files</Filter>
    </ClCompile>
    <ClCompile Include="..\..\source\fastols.cpp">
      <Filter>Source Files</Filter>
    </ClCompile>
    <ClCompile Include="..\..\source\wasp-encoder.cpp">
      <Filter>Source Files</Filter>
    </ClCompile>
    <ClCompile Include="..\..\source\WaSPConf.cpp">
      <Filter>Source Files</Filter>
    </ClCompile>
    <ClCompile Include="..\..\source\encoder.cpp">
      <Filter>Source Files</Filter>
    </ClCompile>
  </ItemGroup>
</Project>